
Microsoft Visual Studio Solution File, Format Version 11.00
# Visual Studio 2010
Project("{FAE04EC0-301F-11D3-BF4B-00C04F79EFBC}") = "Illallangi.FlickrBack", "Illallangi.FlickrBack\Illallangi.FlickrBack.csproj", "{FE867DE3-7FB2-4E2F-98A5-53CA21426C53}"
EndProject
Project("{FAE04EC0-301F-11D3-BF4B-00C04F79EFBC}") = "Illallangi.FlickrUp", "Illallangi.FlickrUp\Illallangi.FlickrUp.csproj", "{E57A7D4B-E0DD-4326-88D5-95EDA54B5D17}"
EndProject
Project("{FAE04EC0-301F-11D3-BF4B-00C04F79EFBC}") = "Illallangi.FlickrLib", "Illallangi.FlickrLib\Illallangi.FlickrLib.csproj", "{F778132B-F1EC-412B-B4C5-A21D38055273}"
EndProject
Global
	GlobalSection(SolutionConfigurationPlatforms) = preSolution
		Debug|Any CPU = Debug|Any CPU
		Debug|Mixed Platforms = Debug|Mixed Platforms
		Debug|x86 = Debug|x86
		Release|Any CPU = Release|Any CPU
		Release|Mixed Platforms = Release|Mixed Platforms
		Release|x86 = Release|x86
	EndGlobalSection
	GlobalSection(ProjectConfigurationPlatforms) = postSolution
		{FE867DE3-7FB2-4E2F-98A5-53CA21426C53}.Debug|Any CPU.ActiveCfg = Debug|x86
		{FE867DE3-7FB2-4E2F-98A5-53CA21426C53}.Debug|Mixed Platforms.ActiveCfg = Debug|x86
		{FE867DE3-7FB2-4E2F-98A5-53CA21426C53}.Debug|Mixed Platforms.Build.0 = Debug|x86
		{FE867DE3-7FB2-4E2F-98A5-53CA21426C53}.Debug|x86.ActiveCfg = Debug|x86
		{FE867DE3-7FB2-4E2F-98A5-53CA21426C53}.Debug|x86.Build.0 = Debug|x86
		{FE867DE3-7FB2-4E2F-98A5-53CA21426C53}.Release|Any CPU.ActiveCfg = Release|x86
		{FE867DE3-7FB2-4E2F-98A5-53CA21426C53}.Release|Mixed Platforms.ActiveCfg = Release|x86
		{FE867DE3-7FB2-4E2F-98A5-53CA21426C53}.Release|Mixed Platforms.Build.0 = Release|x86
		{FE867DE3-7FB2-4E2F-98A5-53CA21426C53}.Release|x86.ActiveCfg = Release|x86
		{FE867DE3-7FB2-4E2F-98A5-53CA21426C53}.Release|x86.Build.0 = Release|x86
		{E57A7D4B-E0DD-4326-88D5-95EDA54B5D17}.Debug|Any CPU.ActiveCfg = Debug|x86
		{E57A7D4B-E0DD-4326-88D5-95EDA54B5D17}.Debug|Mixed Platforms.ActiveCfg = Debug|x86
		{E57A7D4B-E0DD-4326-88D5-95EDA54B5D17}.Debug|Mixed Platforms.Build.0 = Debug|x86
		{E57A7D4B-E0DD-4326-88D5-95EDA54B5D17}.Debug|x86.ActiveCfg = Debug|x86
		{E57A7D4B-E0DD-4326-88D5-95EDA54B5D17}.Debug|x86.Build.0 = Debug|x86
		{E57A7D4B-E0DD-4326-88D5-95EDA54B5D17}.Release|Any CPU.ActiveCfg = Release|x86
		{E57A7D4B-E0DD-4326-88D5-95EDA54B5D17}.Release|Mixed Platforms.ActiveCfg = Release|x86
		{E57A7D4B-E0DD-4326-88D5-95EDA54B5D17}.Release|Mixed Platforms.Build.0 = Release|x86
		{E57A7D4B-E0DD-4326-88D5-95EDA54B5D17}.Release|x86.ActiveCfg = Release|x86
		{E57A7D4B-E0DD-4326-88D5-95EDA54B5D17}.Release|x86.Build.0 = Release|x86
		{F778132B-F1EC-412B-B4C5-A21D38055273}.Debug|Any CPU.ActiveCfg = Debug|Any CPU
		{F778132B-F1EC-412B-B4C5-A21D38055273}.Debug|Any CPU.Build.0 = Debug|Any CPU
		{F778132B-F1EC-412B-B4C5-A21D38055273}.Debug|Mixed Platforms.ActiveCfg = Debug|Any CPU
		{F778132B-F1EC-412B-B4C5-A21D38055273}.Debug|Mixed Platforms.Build.0 = Debug|Any CPU
		{F778132B-F1EC-412B-B4C5-A21D38055273}.Debug|x86.ActiveCfg = Debug|Any CPU
		{F778132B-F1EC-412B-B4C5-A21D38055273}.Release|Any CPU.ActiveCfg = Release|Any CPU
		{F778132B-F1EC-412B-B4C5-A21D38055273}.Release|Any CPU.Build.0 = Release|Any CPU
		{F778132B-F1EC-412B-B4C5-A21D38055273}.Release|Mixed Platforms.ActiveCfg = Release|Any CPU
		{F778132B-F1EC-412B-B4C5-A21D38055273}.Release|Mixed Platforms.Build.0 = Release|Any CPU
		{F778132B-F1EC-412B-B4C5-A21D38055273}.Release|x86.ActiveCfg = Release|Any CPU
	EndGlobalSection
	GlobalSection(SolutionProperties) = preSolution
		HideSolutionNode = FALSE
	EndGlobalSection
EndGlobal
